
Microsoft Visual Studio Solution File, Format Version 12.00
# Visual Studio Version 17
VisualStudioVersion = 17.4.33213.308
MinimumVisualStudioVersion = 10.0.40219.1
Project("{FAE04EC0-301F-11D3-BF4B-00C04F79EFBC}") = "LINQ2", "LINQ2\LINQ2.csproj", "{24230271-607B-4C35-A5EA-AEC6897DCA47}"
EndProject
Global
	GlobalSection(SolutionConfigurationPlatforms) = preSolution
		Debug|Any CPU = Debug|Any CPU
		Release|Any CPU = Release|Any CPU
	EndGlobalSection
	GlobalSection(ProjectConfigurationPlatforms) = postSolution
		{24230271-607B-4C35-A5EA-AEC6897DCA47}.Debug|Any CPU.ActiveCfg = Debug|Any CPU
		{24230271-607B-4C35-A5EA-AEC6897DCA47}.Debug|Any CPU.Build.0 = Debug|Any CPU
		{24230271-607B-4C35-A5EA-AEC6897DCA47}.Release|Any CPU.ActiveCfg = Release|Any CPU
		{24230271-607B-4C35-A5EA-AEC6897DCA47}.Release|Any CPU.Build.0 = Release|Any CPU
	EndGlobalSection
	GlobalSection(SolutionProperties) = preSolution
		HideSolutionNode = FALSE
	EndGlobalSection
	GlobalSection(ExtensibilityGlobals) = postSolution
		SolutionGuid = {A94C5BB2-5495-421B-BF8F-1DE79571C6EB}
	EndGlobalSection
EndGlobal
